version = 1
revision = 1
requires-python = ">=3.12"

[[package]]
name = "beebium"
version = "0.1.0"
source = { editable = "../../clients/python" }
dependencies = [
    { name = "grpcio" },
    { name = "protobuf" },
]

[package.metadata]
requires-dist = [
    { name = "grpcio", specifier = ">=1.60.0" },
    { name = "grpcio-tools", marker = "extra == 'dev'", specifier = ">=1.60.0" },
    { name = "pillow", marker = "extra == 'imaging'", specifier = ">=10.0.0" },
    { name = "protobuf", specifier = ">=4.25.0" },
    { name = "pytest", marker = "extra == 'dev'", specifier = ">=7.0.0" },
    { name = "pytest-timeout", marker = "extra == 'dev'", specifier = ">=2.0.0" },
    { name = "zeroconf", marker = "extra == 'discovery'", specifier = ">=0.131.0" },
]
provides-extras = ["dev", "imaging", "discovery"]

[[package]]
name = "beebium-sideways-srload-tests"
version = "0.1.0"
source = { editable = "." }
dependencies = [
    { name = "beebium" },
    { name = "oaknut-dfs" },
    { name = "pytest" },
    { name = "pytest-timeout" },
]

[package.metadata]
requires-dist = [
    { name = "beebium", editable = "../../clients/python" },
    { name = "oaknut-dfs" },
    { name = "pytest", specifier = ">=7.0.0" },
    { name = "pytest-timeout", specifier = ">=2.0.0" },
]

[[package]]
name = "cffi"
version = "2.0.0"
source = { registry = "https://pypi.org/simple" }
dependencies = [
    { name = "pycparser", marker = "implementation_name != 'PyPy'" },
]
sdist = { url = "https://files.pythonhosted.org/packages/eb/56/b1ba7935a17738ae8453301356628e8147c79dbb825bcbc73dc7401f9846/cffi-2.0.0.tar.gz", hash = "sha256:44d1b5909021139fe36001ae048dbdde8214afa20200eda0f64c068cac5d5529", size = 523588 }
wheels = [
    { url = "https://files.pythonhosted.org/packages/ea/47/4f61023ea636104d4f16ab488e268b93008c3d0bb76893b1b31db1f96802/cffi-2.0.0-cp312-cp312-macosx_10_13_x86_64.whl", hash = "sha256:6d02d6655b0e54f54c4ef0b94eb6be0607b70853c45ce98bd278dc7de718be5d", size = 185271 },
    { url = "https://files.pythonhosted.org/packages/df/a2/781b623f57358e360d62cdd7a8c681f074a71d445418a776eef0aadb4ab4/cffi-2.0.0-cp312-cp312-macosx_11_0_arm64.whl", hash = "sha256:8eca2a813c1cb7ad4fb74d368c2ffbbb4789d377ee5bb8df98373c2cc0dee76c", size = 181048 },
    { url = "https://files.pythonhosted.org/packages/4b/8d/a0a47a0c9e413a658623d014e91e74a50cdd2c423f7ccfd44086ef767f90/cffi-2.0.0-cp313-cp313-macosx_10_13_x86_64.whl", hash = "sha256:00bdf7acc5f795150faa6957054fbbca2439db2f775ce831222b66f192f03beb", size = 185230 },
    { url = "https://files.pythonhosted.org/packages/4a/d2/a6c0296814556c68ee32009d9c2ad4f85f2707cdecfd7727951ec228005d/cffi-2.0.0-cp313-cp313-macosx_11_0_arm64.whl", hash = "sha256:45d5e886156860dc35862657e1494b9bae8dfa63bf56796f2fb56e1679fc0bca", size = 181043 },
    { url = "https://files.pythonhosted.org/packages/92/c4/3ce07396253a83250ee98564f8d7e9789fab8e58858f35d07a9a2c78de9f/cffi-2.0.0-cp314-cp314-macosx_10_13_x86_64.whl", hash = "sha256:fc33c5141b55ed366cfaad382df24fe7dcbc686de5be719b207bb248e3053dc5", size = 185320 },
    { url = "https://files.pythonhosted.org/packages/59/dd/27e9fa567a23931c838c6b02d0764611c62290062a6d4e8ff7863daf9730/cffi-2.0.0-cp314-cp314-macosx_11_0_arm64.whl", hash = "sha256:c654de545946e0db659b3400168c9ad31b5d29593291482c43e3564effbcee13", size = 181487 },
    { url = "https://files.pythonhosted.org/packages/3e/61/c768e4d548bfa607abcda77423448df8c471f25dbe64fb2ef6d555eae006/cffi-2.0.0-cp314-cp314t-macosx_10_13_x86_64.whl", hash = "sha256:9a67fc9e8eb39039280526379fb3a70023d77caec1852002b4da7e8b270c4dd9", size = 188773 },
    { url = "https://files.pythonhosted.org/packages/2c/ea/5f76bce7cf6fcd0ab1a1058b5af899bfbef198bea4d5686da88471ea0336/cffi-2.0.0-cp314-cp314t-macosx_11_0_arm64.whl", hash = "sha256:7a66c7204d8869299919db4d5069a82f1561581af12b11b3c9f48c584eb8743d", size = 185013 },
]

[[package]]
name = "colorama"
version = "0.4.6"
source = { registry = "https://pypi.org/simple" }
sdist = { url = "https://files.pythonhosted.org/packages/d8/53/6f443c9a4a8358a93a6792e2acffb9d9d5cb0a5cfd8802644b7b1c9a02e4/colorama-0.4.6.tar.gz", hash = "sha256:08695f5cb7ed6e0531a20572697297273c47b8cae5a63ffc6d6ed5c201be6e44", size = 27697 }
wheels = [
    { url = "https://files.pythonhosted.org/packages/d1/d6/3965ed04c63042e047cb6a3e6ed1a63a35087b6a609aa3a15ed8ac56c221/colorama-0.4.6-py2.py3-none-any.whl", hash = "sha256:4f1d9991f5acc0ca119f9d443620b77f9d6b33703e51011c16baf57afb285fc6", size = 25335 },
]

[[package]]
name = "exit-codes"
version = "1.3.0"
source = { registry = "https://pypi.org/simple" }
sdist = { url = "https://files.pythonhosted.org/packages/f8/20/1a8671601b459a8388185ee29f98cee5965a94aeaccc6b9c926f4afec4dc/exit_codes-1.3.0.tar.gz", hash = "sha256:8fe3a056be6cbc530d59d9ad9bdc1771d8cff7d9ac7386a0c39b517a8ae52b3e", size = 3791 }
wheels = [
    { url = "https://files.pythonhosted.org/packages/fa/07/5dc359aba858ec096bd9e72c4a214617c95da24553a736bcce7818a61486/exit_codes-1.3.0-py2.py3-none-any.whl", hash = "sha256:09444844772043f9be22128856088792be0f91cdbe269af992b1338a5464dc85", size = 4708 },
]

[[package]]
name = "grpcio"
version = "1.80.0"
source = { registry = "https://pypi.org/simple" }
dependencies = [
    { name = "typing-extensions" },
]
sdist = { url = "https://files.pythonhosted.org/packages/b7/48/af6173dbca4454f4637a4678b67f52ca7e0c1ed7d5894d89d434fecede05/grpcio-1.80.0.tar.gz", hash = "sha256:29aca15edd0688c22ba01d7cc01cb000d72b2033f4a3c72a81a19b56fd143257", size = 12978905 }
wheels = [
    { url = "https://files.pythonhosted.org/packages/5c/e8/a2b749265eb3415abc94f2e619bbd9e9707bebdda787e61c593004ec927a/grpcio-1.80.0-cp312-cp312-linux_armv7l.whl", hash = "sha256:c624cc9f1008361014378c9d776de7182b11fe8b2e5a81bc69f23a295f2a1ad0", size = 6015616 },
    { url = "https://files.pythonhosted.org/packages/3e/97/b1282161a15d699d1e90c360df18d19165a045ce1c343c7f313f5e8a0b77/grpcio-1.80.0-cp312-cp312-macosx_11_0_universal2.whl", hash = "sha256:f49eddcac43c3bf350c0385366a58f36bed8cc2c0ec35ef7b74b49e56552c0c2", size = 12014204 },
    { url = "https://files.pythonhosted.org/packages/6e/5e/d319c6e997b50c155ac5a8cb12f5173d5b42677510e886d250d50264949d/grpcio-1.80.0-cp312-cp312-manylinux2014_aarch64.manylinux_2_17_aarch64.whl", hash = "sha256:d334591df610ab94714048e0d5b4f3dd5ad1bee74dfec11eee344220077a79de", size = 6563866 },
    { url = "https://files.pythonhosted.org/packages/ae/f6/fdd975a2cb4d78eb67769a7b3b3830970bfa2e919f1decf724ae4445f42c/grpcio-1.80.0-cp312-cp312-manylinux2014_i686.manylinux_2_17_i686.whl", hash = "sha256:0cb517eb1d0d0aaf1d87af7cc5b801d686557c1d88b2619f5e31fab3c2315921", size = 7273060 },
    { url = "https://files.pythonhosted.org/packages/db/f0/a3deb5feba60d9538a962913e37bd2e69a195f1c3376a3dd44fe0427e996/grpcio-1.80.0-cp312-cp312-manylinux2014_x86_64.manylinux_2_17_x86_64.whl", hash = "sha256:4e78c4ac0d97dc2e569b2f4bcbbb447491167cb358d1a389fc4af71ab6f70411", size = 6782121 },
    { url = "https://files.pythonhosted.org/packages/ca/84/36c6dcfddc093e108141f757c407902a05085e0c328007cb090d56646cdf/grpcio-1.80.0-cp312-cp312-musllinux_1_2_aarch64.whl", hash = "sha256:2ed770b4c06984f3b47eb0517b1c69ad0b84ef3f40128f51448433be904634cd", size = 7383811 },
    { url = "https://files.pythonhosted.org/packages/7c/ef/f3a77e3dc5b471a0ec86c564c98d6adfa3510d38f8ee99010410858d591e/grpcio-1.80.0-cp312-cp312-musllinux_1_2_i686.whl", hash = "sha256:256507e2f524092f1473071a05e65a5b10d84b82e3ff24c5b571513cfaa61e2f", size = 8393860 },
    { url = "https://files.pythonhosted.org/packages/9b/8d/9d4d27ed7f33d109c50d6b5ce578a9914aa68edab75d65869a17e630a8d1/grpcio-1.80.0-cp312-cp312-musllinux_1_2_x86_64.whl", hash = "sha256:9a6284a5d907c37db53350645567c522be314bac859a64a7a5ca63b77bb7958f", size = 7830132 },
    { url = "https://files.pythonhosted.org/packages/14/e4/9990b41c6d7a44e1e9dee8ac11d7a9802ba1378b40d77468a7761d1ad288/grpcio-1.80.0-cp312-cp312-win32.whl", hash = "sha256:c71309cfce2f22be26aa4a847357c502db6c621f1a49825ae98aa0907595b193", size = 4140904 },
    { url = "https://files.pythonhosted.org/packages/2f/2c/296f6138caca1f4b92a31ace4ae1b87dab692fc16a7a3417af3bb3c805bf/grpcio-1.80.0-cp312-cp312-win_amd64.whl", hash = "sha256:9fe648599c0e37594c4809d81a9e77bd138cc82eb8baa71b6a86af65426723ff", size = 4880944 },
    { url = "https://files.pythonhosted.org/packages/2f/3a/7c3c25789e3f069e581dc342e03613c5b1cb012c4e8c7d9d5cf960a75856/grpcio-1.80.0-cp313-cp313-linux_armv7l.whl", hash = "sha256:e9e408fc016dffd20661f0126c53d8a31c2821b5c13c5d67a0f5ed5de93319ad", size = 6017243 },
    { url = "https://files.pythonhosted.org/packages/04/19/21a9806eb8240e174fd1ab0cd5b9aa948bb0e05c2f2f55f9d5d7405e6d08/grpcio-1.80.0-cp313-cp313-macosx_11_0_universal2.whl", hash = "sha256:92d787312e613754d4d8b9ca6d3297e69994a7912a32fa38c4c4e01c272974b0", size = 12010840 },
    { url = "https://files.pythonhosted.org/packages/18/3a/23347d35f76f639e807fb7a36fad3068aed100996849a33809591f26eca6/grpcio-1.80.0-cp313-cp313-manylinux2014_aarch64.manylinux_2_17_aarch64.whl", hash = "sha256:8ac393b58aa16991a2f1144ec578084d544038c12242da3a215966b512904d0f", size = 6567644 },
    { url = "https://files.pythonhosted.org/packages/ff/40/96e07ecb604a6a67ae6ab151e3e35b132875d98bc68ec65f3e5ab3e781d7/grpcio-1.80.0-cp313-cp313-manylinux2014_i686.manylinux_2_17_i686.whl", hash = "sha256:68e5851ac4b9afe07e7f84483803ad167852570d65326b34d54ca560bfa53fb6", size = 7277830 },
    { url = "https://files.pythonhosted.org/packages/9b/e2/da1506ecea1f34a5e365964644b35edef53803052b763ca214ba3870c856/grpcio-1.80.0-cp313-cp313-manylinux2014_x86_64.manylinux_2_17_x86_64.whl", hash = "sha256:873ff5d17d68992ef6605330127425d2fc4e77e612fa3c3e0ed4e668685e3140", size = 6783216 },
    { url = "https://files.pythonhosted.org/packages/44/83/3b20ff58d0c3b7f6caaa3af9a4174d4023701df40a3f39f7f1c8e7c48f9d/grpcio-1.80.0-cp313-cp313-musllinux_1_2_aarch64.whl", hash = "sha256:2bea16af2750fd0a899bf1abd9022244418b55d1f37da2202249ba4ba673838d", size = 7385866 },
    { url = "https://files.pythonhosted.org/packages/47/45/55c507599c5520416de5eefecc927d6a0d7af55e91cfffb2e410607e5744/grpcio-1.80.0-cp313-cp313-musllinux_1_2_i686.whl", hash = "sha256:ba0db34f7e1d803a878284cd70e4c63cb6ae2510ba51937bf8f45ba997cefcf7", size = 8391602 },
    { url = "https://files.pythonhosted.org/packages/10/bb/dd06f4c24c01db9cf11341b547d0a016b2c90ed7dbbb086a5710df7dd1d7/grpcio-1.80.0-cp313-cp313-musllinux_1_2_x86_64.whl", hash = "sha256:8eb613f02d34721f1acf3626dfdb3545bd3c8505b0e52bf8b5710a28d02e8aa7", size = 7826752 },
    { url = "https://files.pythonhosted.org/packages/f9/1e/9d67992ba23371fd63d4527096eb8c6b76d74d52b500df992a3343fd7251/grpcio-1.80.0-cp313-cp313-win32.whl", hash = "sha256:93b6f823810720912fd131f561f91f5fed0fda372b6b7028a2681b8194d5d294", size = 4142310 },
    { url = "https://files.pythonhosted.org/packages/cf/e6/283326a27da9e2c3038bc93eeea36fb118ce0b2d03922a9cda6688f53c5b/grpcio-1.80.0-cp313-cp313-win_amd64.whl", hash = "sha256:e172cf795a3ba5246d3529e4d34c53db70e888fa582a8ffebd2e6e48bc0cba50", size = 4882833 },
    { url = "https://files.pythonhosted.org/packages/c5/6d/e65307ce20f5a09244ba9e9d8476e99fb039de7154f37fb85f26978b59c3/grpcio-1.80.0-cp314-cp314-linux_armv7l.whl", hash = "sha256:3d4147a97c8344d065d01bbf8b6acec2cf86fb0400d40696c8bdad34a64ffc0e", size = 6017376 },
    { url = "https://files.pythonhosted.org/packages/69/10/9cef5d9650c72625a699c549940f0abb3c4bfdb5ed45a5ce431f92f31806/grpcio-1.80.0-cp314-cp314-macosx_11_0_universal2.whl", hash = "sha256:d8e11f167935b3eb089ac9038e1a063e6d7dbe995c0bb4a661e614583352e76f", size = 12018133 },
    { url = "https://files.pythonhosted.org/packages/04/82/983aabaad82ba26113caceeb9091706a0696b25da004fe3defb5b346e15b/grpcio-1.80.0-cp314-cp314-manylinux2014_aarch64.manylinux_2_17_aarch64.whl", hash = "sha256:f14b618fc30de822681ee986cfdcc2d9327229dc4c98aed16896761cacd468b9", size = 6574748 },
    { url = "https://files.pythonhosted.org/packages/07/d7/031666ef155aa0bf399ed7e19439656c38bbd143779ae0861b038ce82abd/grpcio-1.80.0-cp314-cp314-manylinux2014_i686.manylinux_2_17_i686.whl", hash = "sha256:4ed39fbdcf9b87370f6e8df4e39ca7b38b3e5e9d1b0013c7b6be9639d6578d14", size = 7277711 },
    { url = "https://files.pythonhosted.org/packages/e8/43/f437a78f7f4f1d311804189e8f11fb311a01049b2e08557c1068d470cb2e/grpcio-1.80.0-cp314-cp314-manylinux2014_x86_64.manylinux_2_17_x86_64.whl", hash = "sha256:2dcc70e9f0ba987526e8e8603a610fb4f460e42899e74e7a518bf3c68fe1bf05", size = 6785372 },
    { url = "https://files.pythonhosted.org/packages/93/3d/f6558e9c6296cb4227faa5c43c54a34c68d32654b829f53288313d16a86e/grpcio-1.80.0-cp314-cp314-musllinux_1_2_aarch64.whl", hash = "sha256:448c884b668b868562b1bda833c5fce6272d26e1926ec46747cda05741d302c1", size = 7395268 },
    { url = "https://files.pythonhosted.org/packages/06/21/0fdd77e84720b08843c371a2efa6f2e19dbebf56adc72df73d891f5506f0/grpcio-1.80.0-cp314-cp314-musllinux_1_2_i686.whl", hash = "sha256:a1dc80fe55685b4a543555e6eef975303b36c8db1023b1599b094b92aa77965f", size = 8392000 },
    { url = "https://files.pythonhosted.org/packages/f5/68/67f4947ed55d2e69f2cc199ab9fd85e0a0034d813bbeef84df6d2ba4d4b7/grpcio-1.80.0-cp314-cp314-musllinux_1_2_x86_64.whl", hash = "sha256:31b9ac4ad1aa28ffee5503821fafd09e4da0a261ce1c1281c6c8da0423c83b6e", size = 7828477 },
    { url = "https://files.pythonhosted.org/packages/44/b6/8d4096691b2e385e8271911a0de4f35f0a6c7d05aff7098e296c3de86939/grpcio-1.80.0-cp314-cp314-win32.whl", hash = "sha256:367ce30ba67d05e0592470428f0ec1c31714cab9ef19b8f2e37be1f4c7d32fae", size = 4218563 },
    { url = "https://files.pythonhosted.org/packages/e5/8c/bbe6baf2557262834f2070cf668515fa308b2d38a4bbf771f8f7872a7036/grpcio-1.80.0-cp314-cp314-win_amd64.whl", hash = "sha256:3b01e1f5464c583d2f567b2e46ff0d516ef979978f72091fd81f5ab7fa6e2e7f", size = 5019457 },
]

[[package]]
name = "iniconfig"
version = "2.3.0"
source = { registry = "https://pypi.org/simple" }
sdist = { url = "https://files.pythonhosted.org/packages/72/34/14ca021ce8e5dfedc35312d08ba8bf51fdd999c576889fc2c24cb97f4f10/iniconfig-2.3.0.tar.gz", hash = "sha256:c76315c77db068650d49c5b56314774a7804df16fee4402c1f19d6d15d8c4730", size = 20503 }
wheels = [
    { url = "https://files.pythonhosted.org/packages/cb/b1/3846dd7f199d53cb17f49cba7e651e9ce294d8497c8c150530ed11865bb8/iniconfig-2.3.0-py3-none-any.whl", hash = "sha256:f631c04d2c48c52b84d0d0549c99ff3859c98df65b3101406327ecc7d53fbf12", size = 7484 },
]

[[package]]
name = "oaknut-basic"
version = "12.4.0"
source = { registry = "https://pypi.org/simple" }
sdist = { url = "https://files.pythonhosted.org/packages/b4/9f/218bbb56af6afe404bb7be524abfce1f225e4d589be9363f5331a726af73/oaknut_basic-12.4.0.tar.gz", hash = "sha256:9a9f7e93c270eca00a0e6c780f0db3b8b82cf0792a6a43544e181c6cca9ed8ea", size = 3951 }
wheels = [
    { url = "https://files.pythonhosted.org/packages/53/54/e3e51c06512a99aa8f1b6baabba6bc7a3d3e1ba3c92d09a60b89c7c22e66/oaknut_basic-12.4.0-py3-none-any.whl", hash = "sha256:5aea80f583cbf4fac1db522a5ccca07a40bed793cc0c248ee199b919421f2c55", size = 3423 },
]

[[package]]
name = "oaknut-dfs"
version = "12.4.0"
source = { registry = "https://pypi.org/simple" }
dependencies = [
    { name = "oaknut-basic" },
    { name = "oaknut-discimage" },
    { name = "oaknut-file" },
    { name = "oaknut-filesystem" },
    { name = "typename" },
]
sdist = { url = "https://files.pythonhosted.org/packages/64/83/c1b2c75b7aabde37db76f0574726b45963cbadf67e3b55f1cf7201720ac1/oaknut_dfs-12.4.0.tar.gz", hash = "sha256:5982a4071176adb9c20ca370efb8ff2796a8b531dbadc9ac86dea6d11dfd05a6", size = 90950 }
wheels = [
    { url = "https://files.pythonhosted.org/packages/4c/4e/0c95e2aa10cf8559ffd95305d5823661ac128a80b2349b338381576e24a7/oaknut_dfs-12.4.0-py3-none-any.whl", hash = "sha256:1748f39fd1dde79e275b00dbab8a3c3f4b76629b195b791b74dd56cd515395ff", size = 48414 },
]

[[package]]
name = "oaknut-discimage"
version = "12.4.0"
source = { registry = "https://pypi.org/simple" }
dependencies = [
    { name = "oaknut-file" },
]
sdist = { url = "https://files.pythonhosted.org/packages/08/c1/c11cba74844e9736f1f7ead6be7c589c5f7b92b72b67a063d079c0ddf892/oaknut_discimage-12.4.0.tar.gz", hash = "sha256:56397a9b3462ef0936d87711375ab007e10df8b5b08270d0d7a870bdb36425e1", size = 15255 }
wheels = [
    { url = "https://files.pythonhosted.org/packages/f2/93/0f41b638142020106f2f527326a560d549a153fd7f8d2ffdcc9748451386/oaknut_discimage-12.4.0-py3-none-any.whl", hash = "sha256:49046b7bbdbaa16a63576a2ff802631540c73fef4dfed15f964695705dac556f", size = 11843 },
]

[[package]]
name = "oaknut-exception"
version = "12.4.0"
source = { registry = "https://pypi.org/simple" }
dependencies = [
    { name = "exit-codes" },
]
sdist = { url = "https://files.pythonhosted.org/packages/68/d2/822d0af53fc012c9c5ffbea15e86df1ca1e1281cd36e8d7803c00eb537d6/oaknut_exception-12.4.0.tar.gz", hash = "sha256:902be913a582ca41ddce72979bf8ef20c8e7b1485ec0b546bafe10043e2848f6", size = 9294 }
wheels = [
    { url = "https://files.pythonhosted.org/packages/94/62/814d694484afc5c73dacbd48d93c30b9a0afb967fb4707f0e2d063ab94c2/oaknut_exception-12.4.0-py3-none-any.whl", hash = "sha256:aeb42e90b88454568a60759847d78b910bd383d852a1f5a0a9f65d939cc23bbb", size = 6926 },
]

[[package]]
name = "oaknut-extension"
version = "12.4.0"
source = { registry = "https://pypi.org/simple" }
dependencies = [
    { name = "oaknut-exception" },
    { name = "stevedore" },
]
sdist = { url = "https://files.pythonhosted.org/packages/f3/bc/8d012587d74e5ef0aba210374bbbda0c714b1c37797698fc5c9a0c311a43/oaknut_extension-12.4.0.tar.gz", hash = "sha256:f9ea87d197c9e7c7dd4bc4661852e8933f503ba6c27089c4d6407a7257bcbf66", size = 7740 }
wheels = [
    { url = "https://files.pythonhosted.org/packages/b0/35/6a3326ea1539193ea8a4f6c89b358135c1a038c7f14cddea119a71d787d7/oaknut_extension-12.4.0-py3-none-any.whl", hash = "sha256:a3a21bd6a01115dd0841408773c9db3587ce6a480b9a7e8c9fd60b331de5bcd4", size = 7115 },
]

[[package]]
name = "oaknut-file"
version = "12.4.0"
source = { registry = "https://pypi.org/simple" }
dependencies = [
    { name = "oaknut-exception" },
    { name = "xattr", marker = "sys_platform == 'darwin'" },
]
sdist = { url = "https://files.pythonhosted.org/packages/80/4e/f8664f278d2008caa391f47eaee71d519d687de82d289e2fd0324eef4c73/oaknut_file-12.4.0.tar.gz", hash = "sha256:fcf35c836c7eccfba53cc7953a5c33cb9318907a1e4129d418a51fa778fc2399", size = 38870 }
wheels = [
    { url = "https://files.pythonhosted.org/packages/e9/6d/7aaf56e02b3cb88cdedda92e54268740a5af3bc93f2e412584ff110312be/oaknut_file-12.4.0-py3-none-any.whl", hash = "sha256:1ebb858ab3e351a64b63d8471849f22ea4eb46e2cca68e40a3f0db8188c98a62", size = 30205 },
]

[[package]]
name = "oaknut-filesystem"
version = "12.4.0"
source = { registry = "https://pypi.org/simple" }
dependencies = [
    { name = "oaknut-discimage" },
    { name = "oaknut-exception" },
    { name = "oaknut-extension" },
    { name = "oaknut-file" },
]
sdist = { url = "https://files.pythonhosted.org/packages/55/df/6acf60fed21b6592c2e57fbb3aa2dd48df49404abeb8a3769250e0881939/oaknut_filesystem-12.4.0.tar.gz", hash = "sha256:968a6ef0834735eed8ceca57aa70dafb4979ecb9ba72cef3cdca84689ba0aab9", size = 28308 }
wheels = [
    { url = "https://files.pythonhosted.org/packages/ce/fd/3d3c807728932ee6519602b7c131b5854db4590d0922080c19d62c429913/oaknut_filesystem-12.4.0-py3-none-any.whl", hash = "sha256:32977e9ad8b5f92a7f46da35aaa3a775549accf5a8466543b9384f920f1a2ccd", size = 26509 },
]

[[package]]
name = "packaging"
version = "26.2"
source = { registry = "https://pypi.org/simple" }
sdist = { url = "https://files.pythonhosted.org/packages/d7/f1/e7a6dd94a8d4a5626c03e4e99c87f241ba9e350cd9e6d75123f992427270/packaging-26.2.tar.gz", hash = "sha256:ff452ff5a3e828ce110190feff1178bb1f2ea2281fa2075aadb987c2fb221661", size = 228134 }
wheels = [
    { url = "https://files.pythonhosted.org/packages/df/b2/87e62e8c3e2f4b32e5fe99e0b86d576da1312593b39f47d8ceef365e95ed/packaging-26.2-py3-none-any.whl", hash = "sha256:5fc45236b9446107ff2415ce77c807cee2862cb6fac22b8a73826d0693b0980e", size = 100195 },
]

[[package]]
name = "pluggy"
version = "1.6.0"
source = { registry = "https://pypi.org/simple" }
sdist = { url = "https://files.pythonhosted.org/packages/f9/e2/3e91f31a7d2b083fe6ef3fa267035b518369d9511ffab804f839851d2779/pluggy-1.6.0.tar.gz", hash = "sha256:7dcc130b76258d33b90f61b658791dede3486c3e6bfb003ee5c9bfb396dd22f3", size = 69412 }
wheels = [
    { url = "https://files.pythonhosted.org/packages/54/20/4d324d65cc6d9205fabedc306948156824eb9f0ee1633355a8f7ec5c66bf/pluggy-1.6.0-py3-none-any.whl", hash = "sha256:e920276dd6813095e9377c0bc5566d94c932c33b27a3e3945d8389c374dd4746", size = 20538 },
]

[[package]]
name = "protobuf"
version = "7.35.0"
source = { registry = "https://pypi.org/simple" }
sdist = { url = "https://files.pythonhosted.org/packages/60/fd/5b1491d9e4b586d621c54f4c36b888714164b6875f8d6afa3f9072906a51/protobuf-7.35.0.tar.gz", hash = "sha256:a2efd84605f41e559f1881b0912b44099d0a2ac9bf46b3474823f10fb393b0e6", size = 458677 }
wheels = [
    { url = "https://files.pythonhosted.org/packages/83/ee/93d06e358a4aa32280b00e722d3ea0a1f25fc3cc5778d80581c9cca2c10e/protobuf-7.35.0-cp310-abi3-macosx_10_9_universal2.whl", hash = "sha256:66be6c513931c794fa92c080ffee41671390da3d79da219cf9c0c0907f035dda", size = 433225 },
    { url = "https://files.pythonhosted.org/packages/8b/39/1c76c2da93f3c507e958e0aecee2391cc44d4625de6c728bbc555195b5a8/protobuf-7.35.0-cp310-abi3-manylinux2014_aarch64.whl", hash = "sha256:fcbe42a4ac09d3ec9c987ddfcd956afd0b15f1ff613bd8371bde9405ffd5c8e5", size = 328847 },
    { url = "https://files.pythonhosted.org/packages/91/1a/39f7ce90a238c1a987a4d81ec26379e02ca0aff367de68e4a1fa474215b9/protobuf-7.35.0-cp310-abi3-manylinux2014_s390x.whl", hash = "sha256:4cbf5cc286130e06a6c9bbefac442431173906dfcc979712183d4adcc01b37ee", size = 344030 },
    { url = "https://files.pythonhosted.org/packages/70/5b/6baf9008817964454055ff3fe65f1de0b5f1e26c80c82f7fb108b7cd4ea3/protobuf-7.35.0-cp310-abi3-manylinux2014_x86_64.whl", hash = "sha256:6c0f98f10c8a05ea30f8993dfef2de093d27b490fdae78bb60c8343795d55011", size = 327130 },
    { url = "https://files.pythonhosted.org/packages/8e/e5/e46adb0badc388bfb84877a5f9f026aff63f60e611016cf64dbe77e05446/protobuf-7.35.0-cp310-abi3-win32.whl", hash = "sha256:4c4617b83ade0e279d1d2bfe04025a1adb87f9ed657de038620dc0ff959357f6", size = 428946 },
    { url = "https://files.pythonhosted.org/packages/a7/ab/547fbd9e16d879dd13c167478f8ae0a83a428008ca07a5e06acdc23ad473/protobuf-7.35.0-cp310-abi3-win_amd64.whl", hash = "sha256:f05bcadf9a2a6b8dda047007075135fb7d08c73d9177aabc067e1be46881a201", size = 439996 },
    { url = "https://files.pythonhosted.org/packages/b8/ef/50433d346c56657a70d27f156c7b349ac59a068b01de4eb796e747eecc43/protobuf-7.35.0-py3-none-any.whl", hash = "sha256:c13f325cf242bad135c350629eeb5d54b24228eb472fb3e2e9ebbd4c5dc20ca0", size = 171659 },
]

[[package]]
name = "pycparser"
version = "3.0"
source = { registry = "https://pypi.org/simple" }
sdist = { url = "https://files.pythonhosted.org/packages/1b/7d/92392ff7815c21062bea51aa7b87d45576f649f16458d78b7cf94b9ab2e6/pycparser-3.0.tar.gz", hash = "sha256:600f49d217304a5902ac3c37e1281c9fe94e4d0489de643a9504c5cdfdfc6b29", size = 103492 }
wheels = [
    { url = "https://files.pythonhosted.org/packages/0c/c3/44f3fbbfa403ea2a7c779186dc20772604442dde72947e7d01069cbe98e3/pycparser-3.0-py3-none-any.whl", hash = "sha256:b727414169a36b7d524c1c3e31839a521725078d7b2ff038656844266160a992", size = 48172 },
]

[[package]]
name = "pygments"
version = "2.20.0"
source = { registry = "https://pypi.org/simple" }
sdist = { url = "https://files.pythonhosted.org/packages/c3/b2/bc9c9196916376152d655522fdcebac55e66de6603a76a02bca1b6414f6c/pygments-2.20.0.tar.gz", hash = "sha256:6757cd03768053ff99f3039c1a36d6c0aa0b263438fcab17520b30a303a82b5f", size = 4955991 }
wheels = [
    { url = "https://files.pythonhosted.org/packages/f4/7e/a72dd26f3b0f4f2bf1dd8923c85f7ceb43172af56d63c7383eb62b332364/pygments-2.20.0-py3-none-any.whl", hash = "sha256:81a9e26dd42fd28a23a2d169d86d7ac03b46e2f8b59ed4698fb4785f946d0176", size = 1231151 },
]

[[package]]
name = "pytest"
version = "9.0.3"
source = { registry = "https://pypi.org/simple" }
dependencies = [
    { name = "colorama", marker = "sys_platform == 'win32'" },
    { name = "iniconfig" },
    { name = "packaging" },
    { name = "pluggy" },
    { name = "pygments" },
]
sdist = { url = "https://files.pythonhosted.org/packages/7d/0d/549bd94f1a0a402dc8cf64563a117c0f3765662e2e668477624baeec44d5/pytest-9.0.3.tar.gz", hash = "sha256:b86ada508af81d19edeb213c681b1d48246c1a91d304c6c81a427674c17eb91c", size = 1572165 }
wheels = [
    { url = "https://files.pythonhosted.org/packages/d4/24/a372aaf5c9b7208e7112038812994107bc65a84cd00e0354a88c2c77a617/pytest-9.0.3-py3-none-any.whl", hash = "sha256:2c5efc453d45394fdd706ade797c0a81091eccd1d6e4bccfcd476e2b8e0ab5d9", size = 375249 },
]

[[package]]
name = "pytest-timeout"
version = "2.4.0"
source = { registry = "https://pypi.org/simple" }
dependencies = [
    { name = "pytest" },
]
sdist = { url = "https://files.pythonhosted.org/packages/ac/82/4c9ecabab13363e72d880f2fb504c5f750433b2b6f16e99f4ec21ada284c/pytest_timeout-2.4.0.tar.gz", hash = "sha256:7e68e90b01f9eff71332b25001f85c75495fc4e3a836701876183c4bcfd0540a", size = 17973 }
wheels = [
    { url = "https://files.pythonhosted.org/packages/fa/b6/3127540ecdf1464a00e5a01ee60a1b09175f6913f0644ac748494d9c4b21/pytest_timeout-2.4.0-py3-none-any.whl", hash = "sha256:c42667e5cdadb151aeb5b26d114aff6bdf5a907f176a007a30b940d3d865b5c2", size = 14382 },
]

[[package]]
name = "stevedore"
version = "5.8.0"
source = { registry = "https://pypi.org/simple" }
sdist = { url = "https://files.pythonhosted.org/packages/e9/88/35e4d27d9177d7df76d060e0a18f69c6c5794c96960c94042e20a12c8ba2/stevedore-5.8.0.tar.gz", hash = "sha256:b49867b32ca3016e94100e68dbf26e72aa7b8708d0a3f73c08aeb220370ac715", size = 514710 }
wheels = [
    { url = "https://files.pythonhosted.org/packages/f5/ac/19f9941c74add59d17694930ec8105d5eddeee4ce56dd8632b765ca16d6c/stevedore-5.8.0-py3-none-any.whl", hash = "sha256:88eede9e66ca80e34085b9174e2327da2c61ac91f24f70e41c3ad76e4bb4872b", size = 54553 },
]

[[package]]
name = "typename"
version = "1.0.4"
source = { registry = "https://pypi.org/simple" }
sdist = { url = "https://files.pythonhosted.org/packages/2f/c1/a505c885b63161ea3588baa48ea1a3a664cafc40fe7b784ee15f9558164e/typename-1.0.4.tar.gz", hash = "sha256:a3db47d5df84d6667ce23456c7775eb658314c413667549e787f5657e825923f", size = 2986 }
wheels = [
    { url = "https://files.pythonhosted.org/packages/29/e1/b6752e5131f90b47aa618c73e77dd6703e5ddc420851c7b2c1d4306b64db/typename-1.0.4-py3-none-any.whl", hash = "sha256:ba422aa55026a86632d5c12ac58fff2893fb3dc85e119b3d11cb21a945e7d1ad", size = 3672 },
]

[[package]]
name = "typing-extensions"
version = "4.15.0"
source = { registry = "https://pypi.org/simple" }
sdist = { url = "https://files.pythonhosted.org/packages/72/94/1a15dd82efb362ac84269196e94cf00f187f7ed21c242792a923cdb1c61f/typing_extensions-4.15.0.tar.gz", hash = "sha256:0cea48d173cc12fa28ecabc3b837ea3cf6f38c6d1136f85cbaaf598984861466", size = 109391 }
wheels = [
    { url = "https://files.pythonhosted.org/packages/18/67/36e9267722cc04a6b9f15c7f3441c2363321a3ea07da7ae0c0707beb2a9c/typing_extensions-4.15.0-py3-none-any.whl", hash = "sha256:f0fa19c6845758ab08074a0cfa8b7aecb71c999ca73d62883bc25cc018c4e548", size = 44614 },
]

[[package]]
name = "xattr"
version = "1.3.0"
source = { registry = "https://pypi.org/simple" }
dependencies = [
    { name = "cffi" },
]
sdist = { url = "https://files.pythonhosted.org/packages/08/d5/25f7b19af3a2cb4000cac4f9e5525a40bec79f4f5d0ac9b517c0544586a0/xattr-1.3.0.tar.gz", hash = "sha256:30439fabd7de0787b27e9a6e1d569c5959854cb322f64ce7380fedbfa5035036", size = 17148 }
wheels = [
    { url = "https://files.pythonhosted.org/packages/bf/78/00bdc9290066173e53e1e734d8d8e1a84a6faa9c66aee9df81e4d9aeec1c/xattr-1.3.0-cp312-cp312-macosx_10_13_universal2.whl", hash = "sha256:dd4e63614722d183e81842cb237fd1cc978d43384166f9fe22368bfcb187ebe5", size = 23476 },
    { url = "https://files.pythonhosted.org/packages/53/16/5243722294eb982514fa7b6b87a29dfb7b29b8e5e1486500c5babaf6e4b3/xattr-1.3.0-cp312-cp312-macosx_10_13_x86_64.whl", hash = "sha256:995843ef374af73e3370b0c107319611f3cdcdb6d151d629449efecad36be4c4", size = 18556 },
    { url = "https://files.pythonhosted.org/packages/d6/5c/d7ab0e547bea885b55f097206459bd612cefb652c5fc1f747130cbc0d42c/xattr-1.3.0-cp312-cp312-macosx_11_0_arm64.whl", hash = "sha256:fa23a25220e29d956cedf75746e3df6cc824cc1553326d6516479967c540e386", size = 18869 },
    { url = "https://files.pythonhosted.org/packages/27/d3/6a1731a339842afcbb2643bc93628d4ab9c52d1bf26a7b085ca8f35bba6e/xattr-1.3.0-cp313-cp313-macosx_10_13_universal2.whl", hash = "sha256:937d8c91f6f372788aff8cc0984c4be3f0928584839aaa15ff1c95d64562071c", size = 23474 },
    { url = "https://files.pythonhosted.org/packages/1b/25/6741ed3d4371eaa2fae70b259d17a580d858ebff8af0042a59e11bb6385f/xattr-1.3.0-cp313-cp313-macosx_10_13_x86_64.whl", hash = "sha256:e470b3f15e9c3e263662506ff26e73b3027e1c9beac2cbe9ab89cad9c70c0495", size = 18558 },
    { url = "https://files.pythonhosted.org/packages/ba/84/cc450688abeb8647aa93a62c1435bb532db11313abfeb9d43b28b4751503/xattr-1.3.0-cp313-cp313-macosx_11_0_arm64.whl", hash = "sha256:f2238b2a973fcbf5fefa1137db97c296d27f4721f7b7243a1fac51514565e9ec", size = 18869 },
    { url = "https://files.pythonhosted.org/packages/24/49/b8bc589427696d67bc2b0992c188e576f70242c586a379f97698772c0c3d/xattr-1.3.0-cp314-cp314-macosx_10_15_universal2.whl", hash = "sha256:630c85020282bd0bcb72c3d031491c4e91d7f29bb4c094ebdfb9db51375c5b07", size = 23543 },
    { url = "https://files.pythonhosted.org/packages/9d/0a/03192e78071cfb86e6d8ceae0e5dcec4bacf0fd734755263aabd01532e50/xattr-1.3.0-cp314-cp314-macosx_10_15_x86_64.whl", hash = "sha256:95f1e14a4d9ca160b4b78c527bf2bac6addbeb0fd9882c405fc0b5e3073a8752", size = 18673 },
    { url = "https://files.pythonhosted.org/packages/3d/36/9ab4f0b5c3d10df3aceaecf7e395cabe7fb7c7c004b2dc3f3cff0ef70fc3/xattr-1.3.0-cp314-cp314-macosx_11_0_arm64.whl", hash = "sha256:88557c0769f64b1d014aada916c9630cfefa38b0be6c247eae20740d2d8f7b47", size = 18877 },
    { url = "https://files.pythonhosted.org/packages/97/3f/6d50237645edd83e9dc6bf6521e4e28335845b674cabefd69f12bc4db59a/xattr-1.3.0-cp314-cp314t-macosx_10_15_universal2.whl", hash = "sha256:f3bef26fd2d5d7b17488f4cc4424a69894c5a8ed71dd5f657fbbf69f77f68a51", size = 23788 },
    { url = "https://files.pythonhosted.org/packages/f4/8b/3efd48c85e08d1bfcbd46f87368b155d3d3de78bb660b408fbaff7623572/xattr-1.3.0-cp314-cp314t-macosx_10_15_x86_64.whl", hash = "sha256:64f1fb511f8463851e0d97294eb0e0fde54b059150da90582327fb43baa1bb92", size = 18825 },
    { url = "https://files.pythonhosted.org/packages/fd/19/4b4e3e2ea5fa213ff4220e84450628fecde042b0961e7b4e6d845e555ade/xattr-1.3.0-cp314-cp314t-macosx_11_0_arm64.whl", hash = "sha256:1e6c216927b16fd4b72df655d5124b69b2a406cb3132b5231179021182f0f0d1", size = 19023 },
]
